Microsoft Visual Studio Solution File, Format Version 9.00
# Visual Studio 2005
Project("{8BC9CEB8-8B4A-11D0-8D11-00A0C91BC942}") = "OSGDynamicTerrain", "OSGDynamicTerrain.vcproj", "{AD1B8AB6-1A4E-4515-B63E-FC60D5CE6178}"
	ProjectSection(ProjectDependencies) = postProject
		{69B9E679-3BAF-445C-A654-4985B834167B} = {69B9E679-3BAF-445C-A654-4985B834167B}
	EndProjectSection
EndProject
Project("{8BC9CEB8-8B4A-11D0-8D11-00A0C91BC942}") = "OSGDynamicTerrainLib", "OSGDynamicTerrainLib.vcproj", "{69B9E679-3BAF-445C-A654-4985B834167B}"
EndProject
Global
	GlobalSection(SolutionConfigurationPlatforms) = preSolution
		Debug|Win32 = Debug|Win32
		Release|Win32 = Release|Win32
	EndGlobalSection
	GlobalSection(ProjectConfigurationPlatforms) = postSolution
		{AD1B8AB6-1A4E-4515-B63E-FC60D5CE6178}.Debug|Win32.ActiveCfg = Debug|Win32
		{AD1B8AB6-1A4E-4515-B63E-FC60D5CE6178}.Debug|Win32.Build.0 = Debug|Win32
		{AD1B8AB6-1A4E-4515-B63E-FC60D5CE6178}.Release|Win32.ActiveCfg = Release|Win32
		{AD1B8AB6-1A4E-4515-B63E-FC60D5CE6178}.Release|Win32.Build.0 = Release|Win32
		{69B9E679-3BAF-445C-A654-4985B834167B}.Debug|Win32.ActiveCfg = Debug|Win32
		{69B9E679-3BAF-445C-A654-4985B834167B}.Debug|Win32.Build.0 = Debug|Win32
		{69B9E679-3BAF-445C-A654-4985B834167B}.Release|Win32.ActiveCfg = Release|Win32
		{69B9E679-3BAF-445C-A654-4985B834167B}.Release|Win32.Build.0 = Release|Win32
	EndGlobalSection
	GlobalSection(SolutionProperties) = preSolution
		HideSolutionNode = FALSE
	EndGlobalSection
EndGlobal
